
Microsoft Visual Studio Solution File, Format Version 12.00
# Visual Studio 15
VisualStudioVersion = 15.0.26124.0
MinimumVisualStudioVersion = 15.0.26124.0
Project("{2150E333-8FDC-42A3-9474-1A3956D46DE8}") = "Code", "Code", "{05D059DD-8B77-45F9-A234-26FFDB82AEE2}"
EndProject
Project("{FAE04EC0-301F-11D3-BF4B-00C04F79EFBC}") = "dotnetMsSQLMRACICD.Api", "Code\dotnetMsSQLMRACICD.Api\dotnetMsSQLMRACICD.Api.csproj", "{F5A6A476-9780-47FA-A866-F186819BA4E7}"
EndProject
Project("{FAE04EC0-301F-11D3-BF4B-00C04F79EFBC}") = "dotnetMsSQLMRACICD.Business", "Code\dotnetMsSQLMRACICD.Business\dotnetMsSQLMRACICD.Business.csproj", "{3B6F2150-BA2D-41B9-A337-34185AEDFC24}"
EndProject
Project("{FAE04EC0-301F-11D3-BF4B-00C04F79EFBC}") = "dotnetMsSQLMRACICD.Data", "Code\dotnetMsSQLMRACICD.Data\dotnetMsSQLMRACICD.Data.csproj", "{DFE4099E-746B-4D5F-BA0E-F5F5A5ADE38E}"
EndProject
Project("{FAE04EC0-301F-11D3-BF4B-00C04F79EFBC}") = "dotnetMsSQLMRACICD.Entities", "Code\dotnetMsSQLMRACICD.Entities\dotnetMsSQLMRACICD.Entities.csproj", "{0C9779F9-3005-4C99-8F09-B204589E5A2B}"
EndProject
Project("{FAE04EC0-301F-11D3-BF4B-00C04F79EFBC}") = "dotnetMsSQLMRACICD.Test.Api", "Code\dotnetMsSQLMRACICD.Test.Api\dotnetMsSQLMRACICD.Test.Api.csproj", "{25CBA62F-4E1C-42F3-95EA-A263CB1F67A0}"
EndProject
Project("{FAE04EC0-301F-11D3-BF4B-00C04F79EFBC}") = "dotnetMsSQLMRACICD.Test.Business", "Code\dotnetMsSQLMRACICD.Test.Business\dotnetMsSQLMRACICD.Test.Business.csproj", "{1B396E21-EB12-4E1C-B310-8562EEB1FC7C}"
EndProject
Project("{FAE04EC0-301F-11D3-BF4B-00C04F79EFBC}") = "dotnetMsSQLMRACICD.Test.Framework", "Code\dotnetMsSQLMRACICD.Test.Framework\dotnetMsSQLMRACICD.Test.Framework.csproj", "{B1E0C2C4-D0EC-41E0-8ACF-21D8AD57F98C}"
EndProject
Project("{2150E333-8FDC-42A3-9474-1A3956D46DE8}") = "Test", "Test", "{E5E9ED03-1A98-4E27-8AB7-CB0DEB40D578}"
EndProject
Global
	GlobalSection(SolutionConfigurationPlatforms) = preSolution
		Debug|Any CPU = Debug|Any CPU
		Debug|x64 = Debug|x64
		Debug|x86 = Debug|x86
		Release|Any CPU = Release|Any CPU
		Release|x64 = Release|x64
		Release|x86 = Release|x86
	EndGlobalSection
	GlobalSection(SolutionProperties) = preSolution
		HideSolutionNode = FALSE
	EndGlobalSection
	GlobalSection(ProjectConfigurationPlatforms) = postSolution
		{F5A6A476-9780-47FA-A866-F186819BA4E7}.Debug|Any CPU.ActiveCfg = Debug|Any CPU
		{F5A6A476-9780-47FA-A866-F186819BA4E7}.Debug|Any CPU.Build.0 = Debug|Any CPU
		{F5A6A476-9780-47FA-A866-F186819BA4E7}.Debug|x64.ActiveCfg = Debug|Any CPU
		{F5A6A476-9780-47FA-A866-F186819BA4E7}.Debug|x64.Build.0 = Debug|Any CPU
		{F5A6A476-9780-47FA-A866-F186819BA4E7}.Debug|x86.ActiveCfg = Debug|Any CPU
		{F5A6A476-9780-47FA-A866-F186819BA4E7}.Debug|x86.Build.0 = Debug|Any CPU
		{F5A6A476-9780-47FA-A866-F186819BA4E7}.Release|Any CPU.ActiveCfg = Release|Any CPU
		{F5A6A476-9780-47FA-A866-F186819BA4E7}.Release|Any CPU.Build.0 = Release|Any CPU
		{F5A6A476-9780-47FA-A866-F186819BA4E7}.Release|x64.ActiveCfg = Release|Any CPU
		{F5A6A476-9780-47FA-A866-F186819BA4E7}.Release|x64.Build.0 = Release|Any CPU
		{F5A6A476-9780-47FA-A866-F186819BA4E7}.Release|x86.ActiveCfg = Release|Any CPU
		{F5A6A476-9780-47FA-A866-F186819BA4E7}.Release|x86.Build.0 = Release|Any CPU
		{3B6F2150-BA2D-41B9-A337-34185AEDFC24}.Debug|Any CPU.ActiveCfg = Debug|Any CPU
		{3B6F2150-BA2D-41B9-A337-34185AEDFC24}.Debug|Any CPU.Build.0 = Debug|Any CPU
		{3B6F2150-BA2D-41B9-A337-34185AEDFC24}.Debug|x64.ActiveCfg = Debug|Any CPU
		{3B6F2150-BA2D-41B9-A337-34185AEDFC24}.Debug|x64.Build.0 = Debug|Any CPU
		{3B6F2150-BA2D-41B9-A337-34185AEDFC24}.Debug|x86.ActiveCfg = Debug|Any CPU
		{3B6F2150-BA2D-41B9-A337-34185AEDFC24}.Debug|x86.Build.0 = Debug|Any CPU
		{3B6F2150-BA2D-41B9-A337-34185AEDFC24}.Release|Any CPU.ActiveCfg = Release|Any CPU
		{3B6F2150-BA2D-41B9-A337-34185AEDFC24}.Release|Any CPU.Build.0 = Release|Any CPU
		{3B6F2150-BA2D-41B9-A337-34185AEDFC24}.Release|x64.ActiveCfg = Release|Any CPU
		{3B6F2150-BA2D-41B9-A337-34185AEDFC24}.Release|x64.Build.0 = Release|Any CPU
		{3B6F2150-BA2D-41B9-A337-34185AEDFC24}.Release|x86.ActiveCfg = Release|Any CPU
		{3B6F2150-BA2D-41B9-A337-34185AEDFC24}.Release|x86.Build.0 = Release|Any CPU
		{DFE4099E-746B-4D5F-BA0E-F5F5A5ADE38E}.Debug|Any CPU.ActiveCfg = Debug|Any CPU
		{DFE4099E-746B-4D5F-BA0E-F5F5A5ADE38E}.Debug|Any CPU.Build.0 = Debug|Any CPU
		{DFE4099E-746B-4D5F-BA0E-F5F5A5ADE38E}.Debug|x64.ActiveCfg = Debug|Any CPU
		{DFE4099E-746B-4D5F-BA0E-F5F5A5ADE38E}.Debug|x64.Build.0 = Debug|Any CPU
		{DFE4099E-746B-4D5F-BA0E-F5F5A5ADE38E}.Debug|x86.ActiveCfg = Debug|Any CPU
		{DFE4099E-746B-4D5F-BA0E-F5F5A5ADE38E}.Debug|x86.Build.0 = Debug|Any CPU
		{DFE4099E-746B-4D5F-BA0E-F5F5A5ADE38E}.Release|Any CPU.ActiveCfg = Release|Any CPU
		{DFE4099E-746B-4D5F-BA0E-F5F5A5ADE38E}.Release|Any CPU.Build.0 = Release|Any CPU
		{DFE4099E-746B-4D5F-BA0E-F5F5A5ADE38E}.Release|x64.ActiveCfg = Release|Any CPU
		{DFE4099E-746B-4D5F-BA0E-F5F5A5ADE38E}.Release|x64.Build.0 = Release|Any CPU
		{DFE4099E-746B-4D5F-BA0E-F5F5A5ADE38E}.Release|x86.ActiveCfg = Release|Any CPU
		{DFE4099E-746B-4D5F-BA0E-F5F5A5ADE38E}.Release|x86.Build.0 = Release|Any CPU
		{0C9779F9-3005-4C99-8F09-B204589E5A2B}.Debug|Any CPU.ActiveCfg = Debug|Any CPU
		{0C9779F9-3005-4C99-8F09-B204589E5A2B}.Debug|Any CPU.Build.0 = Debug|Any CPU
		{0C9779F9-3005-4C99-8F09-B204589E5A2B}.Debug|x64.ActiveCfg = Debug|Any CPU
		{0C9779F9-3005-4C99-8F09-B204589E5A2B}.Debug|x64.Build.0 = Debug|Any CPU
		{0C9779F9-3005-4C99-8F09-B204589E5A2B}.Debug|x86.ActiveCfg = Debug|Any CPU
		{0C9779F9-3005-4C99-8F09-B204589E5A2B}.Debug|x86.Build.0 = Debug|Any CPU
		{0C9779F9-3005-4C99-8F09-B204589E5A2B}.Release|Any CPU.ActiveCfg = Release|Any CPU
		{0C9779F9-3005-4C99-8F09-B204589E5A2B}.Release|Any CPU.Build.0 = Release|Any CPU
		{0C9779F9-3005-4C99-8F09-B204589E5A2B}.Release|x64.ActiveCfg = Release|Any CPU
		{0C9779F9-3005-4C99-8F09-B204589E5A2B}.Release|x64.Build.0 = Release|Any CPU
		{0C9779F9-3005-4C99-8F09-B204589E5A2B}.Release|x86.ActiveCfg = Release|Any CPU
		{0C9779F9-3005-4C99-8F09-B204589E5A2B}.Release|x86.Build.0 = Release|Any CPU
		{25CBA62F-4E1C-42F3-95EA-A263CB1F67A0}.Debug|Any CPU.ActiveCfg = Debug|Any CPU
		{25CBA62F-4E1C-42F3-95EA-A263CB1F67A0}.Debug|Any CPU.Build.0 = Debug|Any CPU
		{25CBA62F-4E1C-42F3-95EA-A263CB1F67A0}.Debug|x64.ActiveCfg = Debug|Any CPU
		{25CBA62F-4E1C-42F3-95EA-A263CB1F67A0}.Debug|x64.Build.0 = Debug|Any CPU
		{25CBA62F-4E1C-42F3-95EA-A263CB1F67A0}.Debug|x86.ActiveCfg = Debug|Any CPU
		{25CBA62F-4E1C-42F3-95EA-A263CB1F67A0}.Debug|x86.Build.0 = Debug|Any CPU
		{25CBA62F-4E1C-42F3-95EA-A263CB1F67A0}.Release|Any CPU.ActiveCfg = Release|Any CPU
		{25CBA62F-4E1C-42F3-95EA-A263CB1F67A0}.Release|Any CPU.Build.0 = Release|Any CPU
		{25CBA62F-4E1C-42F3-95EA-A263CB1F67A0}.Release|x64.ActiveCfg = Release|Any CPU
		{25CBA62F-4E1C-42F3-95EA-A263CB1F67A0}.Release|x64.Build.0 = Release|Any CPU
		{25CBA62F-4E1C-42F3-95EA-A263CB1F67A0}.Release|x86.ActiveCfg = Release|Any CPU
		{25CBA62F-4E1C-42F3-95EA-A263CB1F67A0}.Release|x86.Build.0 = Release|Any CPU
		{1B396E21-EB12-4E1C-B310-8562EEB1FC7C}.Debug|Any CPU.ActiveCfg = Debug|Any CPU
		{1B396E21-EB12-4E1C-B310-8562EEB1FC7C}.Debug|Any CPU.Build.0 = Debug|Any CPU
		{1B396E21-EB12-4E1C-B310-8562EEB1FC7C}.Debug|x64.ActiveCfg = Debug|Any CPU
		{1B396E21-EB12-4E1C-B310-8562EEB1FC7C}.Debug|x64.Build.0 = Debug|Any CPU
		{1B396E21-EB12-4E1C-B310-8562EEB1FC7C}.Debug|x86.ActiveCfg = Debug|Any CPU
		{1B396E21-EB12-4E1C-B310-8562EEB1FC7C}.Debug|x86.Build.0 = Debug|Any CPU
		{1B396E21-EB12-4E1C-B310-8562EEB1FC7C}.Release|Any CPU.ActiveCfg = Release|Any CPU
		{1B396E21-EB12-4E1C-B310-8562EEB1FC7C}.Release|Any CPU.Build.0 = Release|Any CPU
		{1B396E21-EB12-4E1C-B310-8562EEB1FC7C}.Release|x64.ActiveCfg = Release|Any CPU
		{1B396E21-EB12-4E1C-B310-8562EEB1FC7C}.Release|x64.Build.0 = Release|Any CPU
		{1B396E21-EB12-4E1C-B310-8562EEB1FC7C}.Release|x86.ActiveCfg = Release|Any CPU
		{1B396E21-EB12-4E1C-B310-8562EEB1FC7C}.Release|x86.Build.0 = Release|Any CPU
		{B1E0C2C4-D0EC-41E0-8ACF-21D8AD57F98C}.Debug|Any CPU.ActiveCfg = Debug|Any CPU
		{B1E0C2C4-D0EC-41E0-8ACF-21D8AD57F98C}.Debug|Any CPU.Build.0 = Debug|Any CPU
		{B1E0C2C4-D0EC-41E0-8ACF-21D8AD57F98C}.Debug|x64.ActiveCfg = Debug|Any CPU
		{B1E0C2C4-D0EC-41E0-8ACF-21D8AD57F98C}.Debug|x64.Build.0 = Debug|Any CPU
		{B1E0C2C4-D0EC-41E0-8ACF-21D8AD57F98C}.Debug|x86.ActiveCfg = Debug|Any CPU
		{B1E0C2C4-D0EC-41E0-8ACF-21D8AD57F98C}.Debug|x86.Build.0 = Debug|Any CPU
		{B1E0C2C4-D0EC-41E0-8ACF-21D8AD57F98C}.Release|Any CPU.ActiveCfg = Release|Any CPU
		{B1E0C2C4-D0EC-41E0-8ACF-21D8AD57F98C}.Release|Any CPU.Build.0 = Release|Any CPU
		{B1E0C2C4-D0EC-41E0-8ACF-21D8AD57F98C}.Release|x64.ActiveCfg = Release|Any CPU
		{B1E0C2C4-D0EC-41E0-8ACF-21D8AD57F98C}.Release|x64.Build.0 = Release|Any CPU
		{B1E0C2C4-D0EC-41E0-8ACF-21D8AD57F98C}.Release|x86.ActiveCfg = Release|Any CPU
		{B1E0C2C4-D0EC-41E0-8ACF-21D8AD57F98C}.Release|x86.Build.0 = Release|Any CPU
	EndGlobalSection
	GlobalSection(NestedProjects) = preSolution
		{F5A6A476-9780-47FA-A866-F186819BA4E7} = {05D059DD-8B77-45F9-A234-26FFDB82AEE2}
		{3B6F2150-BA2D-41B9-A337-34185AEDFC24} = {05D059DD-8B77-45F9-A234-26FFDB82AEE2}
		{DFE4099E-746B-4D5F-BA0E-F5F5A5ADE38E} = {05D059DD-8B77-45F9-A234-26FFDB82AEE2}
		{0C9779F9-3005-4C99-8F09-B204589E5A2B} = {05D059DD-8B77-45F9-A234-26FFDB82AEE2}
		{25CBA62F-4E1C-42F3-95EA-A263CB1F67A0} = {E5E9ED03-1A98-4E27-8AB7-CB0DEB40D578}
		{1B396E21-EB12-4E1C-B310-8562EEB1FC7C} = {E5E9ED03-1A98-4E27-8AB7-CB0DEB40D578}
		{B1E0C2C4-D0EC-41E0-8ACF-21D8AD57F98C} = {E5E9ED03-1A98-4E27-8AB7-CB0DEB40D578}
	EndGlobalSection
EndGlobal
